{
  "name": "verifymessage",
  "version": "1.0.0",
  "lockfileVersion": 1,
  "requires": true,
  "dependencies": {
    "inherits": {
      "version": "2.0.4",
      "resolved": "https://registry.npmjs.org/inherits/-/inherits-2.0.4.tgz",
      "integrity": "sha512-k/vGaX4/Yla3WzyMCvTQOXYeIHvqOKtnqBduzTHpzpQZzAskKMhZ2K+EnBiSM9zGSoIFeMpXKxa4dYeZIQqewQ=="
    },
    "noble-secp256k1": {
      "version": "1.2.7",
      "resolved": "https://registry.npmjs.org/noble-secp256k1/-/noble-secp256k1-1.2.7.tgz",
      "integrity": "sha512-6rMqYp04Yn++PWd2bGGt2cNkGwGavn3Aq3Tj2QqIuoGAYJD4pJaV0ycMbkVjawu5+AF4aq+nVx0HN9uQzGxwyQ=="
    },
    "safe-buffer": {
      "version": "5.2.1",
      "resolved": "https://registry.npmjs.org/safe-buffer/-/safe-buffer-5.2.1.tgz",
      "integrity": "sha512-rp3So07KcdmmKbGvgaNxQSJr7bGVSVk5S9Eq1F+ppbRo70+YeaDxkw5Dd8NPN+GD6bjnYm2VuPuCXmpuYvmCXQ=="
    },
    "sha.js": {
      "version": "2.4.11",
      "resolved": "https://registry.npmjs.org/sha.js/-/sha.js-2.4.11.tgz",
      "integrity": "sha512-QMEp5B7cftE7APOjk5Y6xgrbWu+WkLVQwk8JNjZ8nKRciZaByEW6MubieAiToS7+dwvrjGhH8jRXz3MVd0AYqQ==",
      "requires": {
        "inherits": "^2.0.1",
        "safe-buffer": "^5.0.1"
      }
    },
    "sjcl": {
      "version": "1.0.8",
      "resolved": "https://registry.npmjs.org/sjcl/-/sjcl-1.0.8.tgz",
      "integrity": "sha512-LzIjEQ0S0DpIgnxMEayM1rq9aGwGRG4OnZhCdjx7glTaJtf4zRfpg87ImfjSJjoW9vKpagd82McDOwbRT5kQKQ=="
    },
    "zbase32": {
      "version": "1.0.4",
      "resolved": "https://registry.npmjs.org/zbase32/-/zbase32-1.0.4.tgz",
      "integrity": "sha512-y6WGa1JaOqIAuZKJEV8deT8k+LXQjt85s4bFH4wGQw78Cckec3ewtQSkIwZgOhlpiOIiBCPWaj1Ab0ivVByvTw=="
    }
  }
}
