{
  "name": "verifymessage",
  "version": "1.0.0",
  "lockfileVersion": 1,
  "requires": true,
  "dependencies": {
    "noble-secp256k1": {
      "version": "1.2.7",
      "resolved": "https://registry.npmjs.org/noble-secp256k1/-/noble-secp256k1-1.2.7.tgz",
      "integrity": "sha512-6rMqYp04Yn++PWd2bGGt2cNkGwGavn3Aq3Tj2QqIuoGAYJD4pJaV0ycMbkVjawu5+AF4aq+nVx0HN9uQzGxwyQ=="
    },
    "zbase32": {
      "version": "1.0.4",
      "resolved": "https://registry.npmjs.org/zbase32/-/zbase32-1.0.4.tgz",
      "integrity": "sha512-y6WGa1JaOqIAuZKJEV8deT8k+LXQjt85s4bFH4wGQw78Cckec3ewtQSkIwZgOhlpiOIiBCPWaj1Ab0ivVByvTw=="
    }
  }
}
